
Microsoft Visual Studio Solution File, Format Version 12.00
# Visual Studio Version 17
VisualStudioVersion = 17.4.33122.133
MinimumVisualStudioVersion = 10.0.40219.1
Project("{FAE04EC0-301F-11D3-BF4B-00C04F79EFBC}") = "GameShop", "GameShop\GameShop.csproj", "{0D251327-F141-470A-B310-0E9E5A438159}"
EndProject
Global
	GlobalSection(SolutionConfigurationPlatforms) = preSolution
		Debug|Any CPU = Debug|Any CPU
		Release|Any CPU = Release|Any CPU
	EndGlobalSection
	GlobalSection(ProjectConfigurationPlatforms) = postSolution
		{0D251327-F141-470A-B310-0E9E5A438159}.Debug|Any CPU.ActiveCfg = Debug|Any CPU
		{0D251327-F141-470A-B310-0E9E5A438159}.Debug|Any CPU.Build.0 = Debug|Any CPU
		{0D251327-F141-470A-B310-0E9E5A438159}.Release|Any CPU.ActiveCfg = Release|Any CPU
		{0D251327-F141-470A-B310-0E9E5A438159}.Release|Any CPU.Build.0 = Release|Any CPU
	EndGlobalSection
	GlobalSection(SolutionProperties) = preSolution
		HideSolutionNode = FALSE
	EndGlobalSection
	GlobalSection(ExtensibilityGlobals) = postSolution
		SolutionGuid = {BC3C52A0-D62A-4939-A310-0EF04F6CAA7E}
	EndGlobalSection
EndGlobal
